Microsoft Visual Studio Solution File, Format Version 9.00
# Visual Studio 2005
Project("{FAE04EC0-301F-11D3-BF4B-00C04F79EFBC}") = "WindowsApplication297", "WindowsApplication297\WindowsApplication297.csproj", "{F9154FB2-CA13-4FDB-A61D-4B665AAB6736}"
	ProjectSection(WebsiteProperties) = preProject
		Debug.AspNetCompiler.Debug = "True"
		Release.AspNetCompiler.Debug = "False"
	EndProjectSection
EndProject
Global
	GlobalSection(SolutionConfigurationPlatforms) = preSolution
		Debug|Any CPU = Debug|Any CPU
		Release|Any CPU = Release|Any CPU
	EndGlobalSection
	GlobalSection(ProjectConfigurationPlatforms) = postSolution
		{F9154FB2-CA13-4FDB-A61D-4B665AAB6736}.Debug|Any CPU.ActiveCfg = Debug|Any CPU
		{F9154FB2-CA13-4FDB-A61D-4B665AAB6736}.Debug|Any CPU.Build.0 = Debug|Any CPU
		{F9154FB2-CA13-4FDB-A61D-4B665AAB6736}.Release|Any CPU.ActiveCfg = Release|Any CPU
		{F9154FB2-CA13-4FDB-A61D-4B665AAB6736}.Release|Any CPU.Build.0 = Release|Any CPU
	EndGlobalSection
	GlobalSection(SolutionProperties) = preSolution
		HideSolutionNode = FALSE
	EndGlobalSection
EndGlobal
