Microsoft Visual Studio Solution File, Format Version 12.00
# Visual Studio Version 17
VisualStudioVersion = 17.10.34916.146
MinimumVisualStudioVersion = 10.0.40219.1
Project("{F184B08F-C81C-45F6-A57F-5ABD9991F28F}") = "WindowsApplication297", "WindowsApplication297\WindowsApplication297.vbproj", "{F9154FB2-CA13-4FDB-A61D-4B665AAB6736}"
EndProject
Global
	GlobalSection(SolutionConfigurationPlatforms) = preSolution
		Debug|Any CPU = Debug|Any CPU
		Release|Any CPU = Release|Any CPU
	EndGlobalSection
	GlobalSection(ProjectConfigurationPlatforms) = postSolution
		{F9154FB2-CA13-4FDB-A61D-4B665AAB6736}.Debug|Any CPU.ActiveCfg = Debug|Any CPU
		{F9154FB2-CA13-4FDB-A61D-4B665AAB6736}.Debug|Any CPU.Build.0 = Debug|Any CPU
		{F9154FB2-CA13-4FDB-A61D-4B665AAB6736}.Release|Any CPU.ActiveCfg = Release|Any CPU
		{F9154FB2-CA13-4FDB-A61D-4B665AAB6736}.Release|Any CPU.Build.0 = Release|Any CPU
	EndGlobalSection
	GlobalSection(SolutionProperties) = preSolution
		HideSolutionNode = FALSE
	EndGlobalSection
	GlobalSection(ExtensibilityGlobals) = postSolution
		SolutionGuid = {C65603C1-19CB-4F8F-A90A-1D46F75B720F}
	EndGlobalSection
EndGlobal
